// !$*UTF8*$!
{
	archiveVersion = 1;
	classes = {
	};
	objectVersion = 46;
	objects = {

/* Begin PBXBuildFile section */
		B331CB341BDE73AF00107876 /* Foundation.framework in Frameworks */ = {isa = PBXBuildFile; fileRef = B331CB331BDE73AF00107876 /* Foundation.framework */; };
		B331CB361BDE73AF00107876 /* CoreGraphics.framework in Frameworks */ = {isa = PBXBuildFile; fileRef = B331CB351BDE73AF00107876 /* CoreGraphics.framework */; };
		B331CB381BDE73AF00107876 /* UIKit.framework in Frameworks */ = {isa = PBXBuildFile; fileRef = B331CB371BDE73AF00107876 /* UIKit.framework */; };
		B331CB3A1BDE73AF00107876 /* CoreData.framework in Frameworks */ = {isa = PBXBuildFile; fileRef = B331CB391BDE73AF00107876 /* CoreData.framework */; };
		B331CB401BDE73AF00107876 /* InfoPlist.strings in Resources */ = {isa = PBXBuildFile; fileRef = B331CB3E1BDE73AF00107876 /* InfoPlist.strings */; };
		B331CB421BDE73AF00107876 /* main.m in Sources */ = {isa = PBXBuildFile; fileRef = B331CB411BDE73AF00107876 /* main.m */; };
		B331CB461BDE73AF00107876 /* RSAppDelegate.m in Sources */ = {isa = PBXBuildFile; fileRef = B331CB451BDE73AF00107876 /* RSAppDelegate.m */; };
		B331CB491BDE73AF00107876 /* _1_44CoreDataHW.xcdatamodeld in Sources */ = {isa = PBXBuildFile; fileRef = B331CB471BDE73AF00107876 /* _1_44CoreDataHW.xcdatamodeld */; };
		B331CB4B1BDE73AF00107876 /* Images.xcassets in Resources */ = {isa = PBXBuildFile; fileRef = B331CB4A1BDE73AF00107876 /* Images.xcassets */; };
		B331CB521BDE73AF00107876 /* XCTest.framework in Frameworks */ = {isa = PBXBuildFile; fileRef = B331CB511BDE73AF00107876 /* XCTest.framework */; };
		B331CB531BDE73AF00107876 /* Foundation.framework in Frameworks */ = {isa = PBXBuildFile; fileRef = B331CB331BDE73AF00107876 /* Foundation.framework */; };
		B331CB541BDE73AF00107876 /* UIKit.framework in Frameworks */ = {isa = PBXBuildFile; fileRef = B331CB371BDE73AF00107876 /* UIKit.framework */; };
		B331CB551BDE73B000107876 /* CoreData.framework in Frameworks */ = {isa = PBXBuildFile; fileRef = B331CB391BDE73AF00107876 /* CoreData.framework */; };
		B331CB5D1BDE73B000107876 /* InfoPlist.strings in Resources */ = {isa = PBXBuildFile; fileRef = B331CB5B1BDE73B000107876 /* InfoPlist.strings */; };
		B331CB5F1BDE73B000107876 /* _1_44CoreDataHWTests.m in Sources */ = {isa = PBXBuildFile; fileRef = B331CB5E1BDE73B000107876 /* _1_44CoreDataHWTests.m */; };
		B331CB691BDE73E300107876 /* Main.storyboard in Resources */ = {isa = PBXBuildFile; fileRef = B331CB681BDE73E300107876 /* Main.storyboard */; };
		B336B1881BE24F3E003D9D5E /* RSFetchCoreDataController.m in Sources */ = {isa = PBXBuildFile; fileRef = B336B1871BE24F3E003D9D5E /* RSFetchCoreDataController.m */; };
		B336B18C1BE25140003D9D5E /* RSUserController.m in Sources */ = {isa = PBXBuildFile; fileRef = B336B18B1BE25140003D9D5E /* RSUserController.m */; };
		B33B70B11BDFCDAD0096280C /* RSSharedManager.m in Sources */ = {isa = PBXBuildFile; fileRef = B33B70B01BDFCDAD0096280C /* RSSharedManager.m */; };
		B359A7681BE8F16200FF9DE1 /* RSCoursesController.m in Sources */ = {isa = PBXBuildFile; fileRef = B359A7671BE8F16200FF9DE1 /* RSCoursesController.m */; };
		B359A7841BE94B5400FF9DE1 /* RSCreateCourseController.m in Sources */ = {isa = PBXBuildFile; fileRef = B359A7831BE94B5400FF9DE1 /* RSCreateCourseController.m */; };
		B359A78D1BE95F0F00FF9DE1 /* RSUser.m in Sources */ = {isa = PBXBuildFile; fileRef = B359A78C1BE95F0F00FF9DE1 /* RSUser.m */; };
		B359A7901BE95F1000FF9DE1 /* RSCourse.m in Sources */ = {isa = PBXBuildFile; fileRef = B359A78F1BE95F1000FF9DE1 /* RSCourse.m */; };
		B3D2A51D1BEB54E40062E4B7 /* RSCheckController.m in Sources */ = {isa = PBXBuildFile; fileRef = B3D2A51C1BEB54E40062E4B7 /* RSCheckController.m */; };
		B3DF07E31BDE81F000AC2CCE /* RSCreateUserController.m in Sources */ = {isa = PBXBuildFile; fileRef = B3DF07E21BDE81F000AC2CCE /* RSCreateUserController.m */; };
/* End PBXBuildFile section */

/* Begin PBXContainerItemProxy section */
		B331CB561BDE73B000107876 /* PBXContainerItemProxy */ = {
			isa = PBXContainerItemProxy;
			containerPortal = B331CB281BDE73AF00107876 /* Project object */;
			proxyType = 1;
			remoteGlobalIDString = B331CB2F1BDE73AF00107876;
			remoteInfo = 41_44CoreDataHW;
		};
/* End PBXContainerItemProxy section */

/* Begin PBXFileReference section */
		B331CB301BDE73AF00107876 /* 41_44CoreDataHW.app */ = {isa = PBXFileReference; explicitFileType = wrapper.application; includeInIndex = 0; path = 41_44CoreDataHW.app; sourceTree = BUILT_PRODUCTS_DIR; };
		B331CB331BDE73AF00107876 /* Foundation.framework */ = {isa = PBXFileReference; lastKnownFileType = wrapper.framework; name = Foundation.framework; path = System/Library/Frameworks/Foundation.framework; sourceTree = SDKROOT; };
		B331CB351BDE73AF00107876 /* CoreGraphics.framework */ = {isa = PBXFileReference; lastKnownFileType = wrapper.framework; name = CoreGraphics.framework; path = System/Library/Frameworks/CoreGraphics.framework; sourceTree = SDKROOT; };
		B331CB371BDE73AF00107876 /* UIKit.framework */ = {isa = PBXFileReference; lastKnownFileType = wrapper.framework; name = UIKit.framework; path = System/Library/Frameworks/UIKit.framework; sourceTree = SDKROOT; };
		B331CB391BDE73AF00107876 /* CoreData.framework */ = {isa = PBXFileReference; lastKnownFileType = wrapper.framework; name = CoreData.framework; path = System/Library/Frameworks/CoreData.framework; sourceTree = SDKROOT; };
		B331CB3D1BDE73AF00107876 /* 41_44CoreDataHW-Info.plist */ = {isa = PBXFileReference; lastKnownFileType = text.plist.xml; path = "41_44CoreDataHW-Info.plist"; sourceTree = "<group>"; };
		B331CB3F1BDE73AF00107876 /* en */ = {isa = PBXFileReference; lastKnownFileType = text.plist.strings; name = en; path = en.lproj/InfoPlist.strings; sourceTree = "<group>"; };
		B331CB411BDE73AF00107876 /* main.m */ = {isa = PBXFileReference; lastKnownFileType = sourcecode.c.objc; path = main.m; sourceTree = "<group>"; };
		B331CB431BDE73AF00107876 /* 41_44CoreDataHW-Prefix.pch */ = {isa = PBXFileReference; lastKnownFileType = sourcecode.c.h; path = "41_44CoreDataHW-Prefix.pch"; sourceTree = "<group>"; };
		B331CB441BDE73AF00107876 /* RSAppDelegate.h */ = {isa = PBXFileReference; lastKnownFileType = sourcecode.c.h; path = RSAppDelegate.h; sourceTree = "<group>"; };
		B331CB451BDE73AF00107876 /* RSAppDelegate.m */ = {isa = PBXFileReference; lastKnownFileType = sourcecode.c.objc; path = RSAppDelegate.m; sourceTree = "<group>"; };
		B331CB481BDE73AF00107876 /* _1_44CoreDataHW.xcdatamodel */ = {isa = PBXFileReference; lastKnownFileType = wrapper.xcdatamodel; path = _1_44CoreDataHW.xcdatamodel; sourceTree = "<group>"; };
		B331CB4A1BDE73AF00107876 /* Images.xcassets */ = {isa = PBXFileReference; lastKnownFileType = folder.assetcatalog; path = Images.xcassets; sourceTree = "<group>"; };
		B331CB501BDE73AF00107876 /* 41_44CoreDataHWTests.xctest */ = {isa = PBXFileReference; explicitFileType = wrapper.cfbundle; includeInIndex = 0; path = 41_44CoreDataHWTests.xctest; sourceTree = BUILT_PRODUCTS_DIR; };
		B331CB511BDE73AF00107876 /* XCTest.framework */ = {isa = PBXFileReference; lastKnownFileType = wrapper.framework; name = XCTest.framework; path = Library/Frameworks/XCTest.framework; sourceTree = DEVELOPER_DIR; };
		B331CB5A1BDE73B000107876 /* 41_44CoreDataHWTests-Info.plist */ = {isa = PBXFileReference; lastKnownFileType = text.plist.xml; path = "41_44CoreDataHWTests-Info.plist"; sourceTree = "<group>"; };
		B331CB5C1BDE73B000107876 /* en */ = {isa = PBXFileReference; lastKnownFileType = text.plist.strings; name = en; path = en.lproj/InfoPlist.strings; sourceTree = "<group>"; };
		B331CB5E1BDE73B000107876 /* _1_44CoreDataHWTests.m */ = {isa = PBXFileReference; lastKnownFileType = sourcecode.c.objc; path = _1_44CoreDataHWTests.m; sourceTree = "<group>"; };
		B331CB681BDE73E300107876 /* Main.storyboard */ = {isa = PBXFileReference; fileEncoding = 4; lastKnownFileType = file.storyboard; path = Main.storyboard; sourceTree = "<group>"; };
		B336B1861BE24F3E003D9D5E /* RSFetchCoreDataController.h */ = {isa = PBXFileReference; fileEncoding = 4; lastKnownFileType = sourcecode.c.h; path = RSFetchCoreDataController.h; sourceTree = "<group>"; };
		B336B1871BE24F3E003D9D5E /* RSFetchCoreDataController.m */ = {isa = PBXFileReference; fileEncoding = 4; lastKnownFileType = sourcecode.c.objc; path = RSFetchCoreDataController.m; sourceTree = "<group>"; };
		B336B18A1BE25140003D9D5E /* RSUserController.h */ = {isa = PBXFileReference; fileEncoding = 4; lastKnownFileType = sourcecode.c.h; path = RSUserController.h; sourceTree = "<group>"; };
		B336B18B1BE25140003D9D5E /* RSUserController.m */ = {isa = PBXFileReference; fileEncoding = 4; lastKnownFileType = sourcecode.c.objc; path = RSUserController.m; sourceTree = "<group>"; };
		B33B70AF1BDFCDAD0096280C /* RSSharedManager.h */ = {isa = PBXFileReference; fileEncoding = 4; lastKnownFileType = sourcecode.c.h; path = RSSharedManager.h; sourceTree = "<group>"; };
		B33B70B01BDFCDAD0096280C /* RSSharedManager.m */ = {isa = PBXFileReference; fileEncoding = 4; lastKnownFileType = sourcecode.c.objc; path = RSSharedManager.m; sourceTree = "<group>"; };
		B359A7661BE8F16200FF9DE1 /* RSCoursesController.h */ = {isa = PBXFileReference; fileEncoding = 4; lastKnownFileType = sourcecode.c.h; name = RSCoursesController.h; path = ../RSCoursesController.h; sourceTree = "<group>"; };
		B359A7671BE8F16200FF9DE1 /* RSCoursesController.m */ = {isa = PBXFileReference; fileEncoding = 4; lastKnownFileType = sourcecode.c.objc; name = RSCoursesController.m; path = ../RSCoursesController.m; sourceTree = "<group>"; };
		B359A7821BE94B5400FF9DE1 /* RSCreateCourseController.h */ = {isa = PBXFileReference; fileEncoding = 4; lastKnownFileType = sourcecode.c.h; path = RSCreateCourseController.h; sourceTree = "<group>"; };
		B359A7831BE94B5400FF9DE1 /* RSCreateCourseController.m */ = {isa = PBXFileReference; fileEncoding = 4; lastKnownFileType = sourcecode.c.objc; path = RSCreateCourseController.m; sourceTree = "<group>"; };
		B359A78B1BE95F0F00FF9DE1 /* RSUser.h */ = {isa = PBXFileReference; fileEncoding = 4; lastKnownFileType = sourcecode.c.h; path = RSUser.h; sourceTree = "<group>"; };
		B359A78C1BE95F0F00FF9DE1 /* RSUser.m */ = {isa = PBXFileReference; fileEncoding = 4; lastKnownFileType = sourcecode.c.objc; path = RSUser.m; sourceTree = "<group>"; };
		B359A78E1BE95F1000FF9DE1 /* RSCourse.h */ = {isa = PBXFileReference; fileEncoding = 4; lastKnownFileType = sourcecode.c.h; path = RSCourse.h; sourceTree = "<group>"; };
		B359A78F1BE95F1000FF9DE1 /* RSCourse.m */ = {isa = PBXFileReference; fileEncoding = 4; lastKnownFileType = sourcecode.c.objc; path = RSCourse.m; sourceTree = "<group>"; };
		B3D2A51B1BEB54E40062E4B7 /* RSCheckController.h */ = {isa = PBXFileReference; fileEncoding = 4; lastKnownFileType = sourcecode.c.h; path = RSCheckController.h; sourceTree = "<group>"; };
		B3D2A51C1BEB54E40062E4B7 /* RSCheckController.m */ = {isa = PBXFileReference; fileEncoding = 4; lastKnownFileType = sourcecode.c.objc; path = RSCheckController.m; sourceTree = "<group>"; };
		B3DF07E11BDE81F000AC2CCE /* RSCreateUserController.h */ = {isa = PBXFileReference; fileEncoding = 4; lastKnownFileType = sourcecode.c.h; path = RSCreateUserController.h; sourceTree = "<group>"; };
		B3DF07E21BDE81F000AC2CCE /* RSCreateUserController.m */ = {isa = PBXFileReference; fileEncoding = 4; lastKnownFileType = sourcecode.c.objc; path = RSCreateUserController.m; sourceTree = "<group>"; };
/* End PBXFileReference section */

/* Begin PBXFrameworksBuildPhase section */
		B331CB2D1BDE73AF00107876 /* Frameworks */ = {
			isa = PBXFrameworksBuildPhase;
			buildActionMask = 2147483647;
			files = (
				B331CB361BDE73AF00107876 /* CoreGraphics.framework in Frameworks */,
				B331CB3A1BDE73AF00107876 /* CoreData.framework in Frameworks */,
				B331CB381BDE73AF00107876 /* UIKit.framework in Frameworks */,
				B331CB341BDE73AF00107876 /* Foundation.framework in Frameworks */,
			);
			runOnlyForDeploymentPostprocessing = 0;
		};
		B331CB4D1BDE73AF00107876 /* Frameworks */ = {
			isa = PBXFrameworksBuildPhase;
			buildActionMask = 2147483647;
			files = (
				B331CB521BDE73AF00107876 /* XCTest.framework in Frameworks */,
				B331CB551BDE73B000107876 /* CoreData.framework in Frameworks */,
				B331CB541BDE73AF00107876 /* UIKit.framework in Frameworks */,
				B331CB531BDE73AF00107876 /* Foundation.framework in Frameworks */,
			);
			runOnlyForDeploymentPostprocessing = 0;
		};
/* End PBXFrameworksBuildPhase section */

/* Begin PBXGroup section */
		B331CB271BDE73AF00107876 = {
			isa = PBXGroup;
			children = (
				B331CB3B1BDE73AF00107876 /* 41_44CoreDataHW */,
				B331CB581BDE73B000107876 /* 41_44CoreDataHWTests */,
				B331CB321BDE73AF00107876 /* Frameworks */,
				B331CB311BDE73AF00107876 /* Products */,
			);
			sourceTree = "<group>";
		};
		B331CB311BDE73AF00107876 /* Products */ = {
			isa = PBXGroup;
			children = (
				B331CB301BDE73AF00107876 /* 41_44CoreDataHW.app */,
				B331CB501BDE73AF00107876 /* 41_44CoreDataHWTests.xctest */,
			);
			name = Products;
			sourceTree = "<group>";
		};
		B331CB321BDE73AF00107876 /* Frameworks */ = {
			isa = PBXGroup;
			children = (
				B331CB331BDE73AF00107876 /* Foundation.framework */,
				B331CB351BDE73AF00107876 /* CoreGraphics.framework */,
				B331CB371BDE73AF00107876 /* UIKit.framework */,
				B331CB391BDE73AF00107876 /* CoreData.framework */,
				B331CB511BDE73AF00107876 /* XCTest.framework */,
			);
			name = Frameworks;
			sourceTree = "<group>";
		};
		B331CB3B1BDE73AF00107876 /* 41_44CoreDataHW */ = {
			isa = PBXGroup;
			children = (
				B331CB441BDE73AF00107876 /* RSAppDelegate.h */,
				B331CB451BDE73AF00107876 /* RSAppDelegate.m */,
				B33B70AF1BDFCDAD0096280C /* RSSharedManager.h */,
				B33B70B01BDFCDAD0096280C /* RSSharedManager.m */,
				B331CB681BDE73E300107876 /* Main.storyboard */,
				B336B18E1BE26315003D9D5E /* DataModels */,
				B359A7811BE8F54E00FF9DE1 /* CreationControllers */,
				B336B18D1BE25145003D9D5E /* Controllers */,
				B336B1891BE24F58003D9D5E /* CoreData */,
				B331CB4A1BDE73AF00107876 /* Images.xcassets */,
				B331CB471BDE73AF00107876 /* _1_44CoreDataHW.xcdatamodeld */,
				B331CB3C1BDE73AF00107876 /* Supporting Files */,
			);
			path = 41_44CoreDataHW;
			sourceTree = "<group>";
		};
		B331CB3C1BDE73AF00107876 /* Supporting Files */ = {
			isa = PBXGroup;
			children = (
				B331CB3D1BDE73AF00107876 /* 41_44CoreDataHW-Info.plist */,
				B331CB3E1BDE73AF00107876 /* InfoPlist.strings */,
				B331CB411BDE73AF00107876 /* main.m */,
				B331CB431BDE73AF00107876 /* 41_44CoreDataHW-Prefix.pch */,
			);
			name = "Supporting Files";
			sourceTree = "<group>";
		};
		B331CB581BDE73B000107876 /* 41_44CoreDataHWTests */ = {
			isa = PBXGroup;
			children = (
				B331CB5E1BDE73B000107876 /* _1_44CoreDataHWTests.m */,
				B331CB591BDE73B000107876 /* Supporting Files */,
			);
			path = 41_44CoreDataHWTests;
			sourceTree = "<group>";
		};
		B331CB591BDE73B000107876 /* Supporting Files */ = {
			isa = PBXGroup;
			children = (
				B331CB5A1BDE73B000107876 /* 41_44CoreDataHWTests-Info.plist */,
				B331CB5B1BDE73B000107876 /* InfoPlist.strings */,
			);
			name = "Supporting Files";
			sourceTree = "<group>";
		};
		B336B1891BE24F58003D9D5E /* CoreData */ = {
			isa = PBXGroup;
			children = (
				B336B1861BE24F3E003D9D5E /* RSFetchCoreDataController.h */,
				B336B1871BE24F3E003D9D5E /* RSFetchCoreDataController.m */,
			);
			name = CoreData;
			sourceTree = "<group>";
		};
		B336B18D1BE25145003D9D5E /* Controllers */ = {
			isa = PBXGroup;
			children = (
				B336B18A1BE25140003D9D5E /* RSUserController.h */,
				B336B18B1BE25140003D9D5E /* RSUserController.m */,
				B359A7661BE8F16200FF9DE1 /* RSCoursesController.h */,
				B359A7671BE8F16200FF9DE1 /* RSCoursesController.m */,
			);
			name = Controllers;
			sourceTree = "<group>";
		};
		B336B18E1BE26315003D9D5E /* DataModels */ = {
			isa = PBXGroup;
			children = (
				B359A78B1BE95F0F00FF9DE1 /* RSUser.h */,
				B359A78C1BE95F0F00FF9DE1 /* RSUser.m */,
				B359A78E1BE95F1000FF9DE1 /* RSCourse.h */,
				B359A78F1BE95F1000FF9DE1 /* RSCourse.m */,
			);
			name = DataModels;
			sourceTree = "<group>";
		};
		B359A7811BE8F54E00FF9DE1 /* CreationControllers */ = {
			isa = PBXGroup;
			children = (
				B3DF07E11BDE81F000AC2CCE /* RSCreateUserController.h */,
				B3DF07E21BDE81F000AC2CCE /* RSCreateUserController.m */,
				B359A7821BE94B5400FF9DE1 /* RSCreateCourseController.h */,
				B359A7831BE94B5400FF9DE1 /* RSCreateCourseController.m */,
				B3D2A51B1BEB54E40062E4B7 /* RSCheckController.h */,
				B3D2A51C1BEB54E40062E4B7 /* RSCheckController.m */,
			);
			name = CreationControllers;
			sourceTree = "<group>";
		};
/* End PBXGroup section */

/* Begin PBXNativeTarget section */
		B331CB2F1BDE73AF00107876 /* 41_44CoreDataHW */ = {
			isa = PBXNativeTarget;
			buildConfigurationList = B331CB621BDE73B000107876 /* Build configuration list for PBXNativeTarget "41_44CoreDataHW" */;
			buildPhases = (
				B331CB2C1BDE73AF00107876 /* Sources */,
				B331CB2D1BDE73AF00107876 /* Frameworks */,
				B331CB2E1BDE73AF00107876 /* Resources */,
			);
			buildRules = (
			);
			dependencies = (
			);
			name = 41_44CoreDataHW;
			productName = 41_44CoreDataHW;
			productReference = B331CB301BDE73AF00107876 /* 41_44CoreDataHW.app */;
			productType = "com.apple.product-type.application";
		};
		B331CB4F1BDE73AF00107876 /* 41_44CoreDataHWTests */ = {
			isa = PBXNativeTarget;
			buildConfigurationList = B331CB651BDE73B000107876 /* Build configuration list for PBXNativeTarget "41_44CoreDataHWTests" */;
			buildPhases = (
				B331CB4C1BDE73AF00107876 /* Sources */,
				B331CB4D1BDE73AF00107876 /* Frameworks */,
				B331CB4E1BDE73AF00107876 /* Resources */,
			);
			buildRules = (
			);
			dependencies = (
				B331CB571BDE73B000107876 /* PBXTargetDependency */,
			);
			name = 41_44CoreDataHWTests;
			productName = 41_44CoreDataHWTests;
			productReference = B331CB501BDE73AF00107876 /* 41_44CoreDataHWTests.xctest */;
			productType = "com.apple.product-type.bundle.unit-test";
		};
/* End PBXNativeTarget section */

/* Begin PBXProject section */
		B331CB281BDE73AF00107876 /* Project object */ = {
			isa = PBXProject;
			attributes = {
				CLASSPREFIX = RS;
				LastUpgradeCheck = 0510;
				ORGANIZATIONNAME = RSChopovenko;
				TargetAttributes = {
					B331CB4F1BDE73AF00107876 = {
						TestTargetID = B331CB2F1BDE73AF00107876;
					};
				};
			};
			buildConfigurationList = B331CB2B1BDE73AF00107876 /* Build configuration list for PBXProject "41_44CoreDataHW" */;
			compatibilityVersion = "Xcode 3.2";
			developmentRegion = English;
			hasScannedForEncodings = 0;
			knownRegions = (
				en,
			);
			mainGroup = B331CB271BDE73AF00107876;
			productRefGroup = B331CB311BDE73AF00107876 /* Products */;
			projectDirPath = "";
			projectRoot = "";
			targets = (
				B331CB2F1BDE73AF00107876 /* 41_44CoreDataHW */,
				B331CB4F1BDE73AF00107876 /* 41_44CoreDataHWTests */,
			);
		};
/* End PBXProject section */

/* Begin PBXResourcesBuildPhase section */
		B331CB2E1BDE73AF00107876 /* Resources */ = {
			isa = PBXResourcesBuildPhase;
			buildActionMask = 2147483647;
			files = (
				B331CB691BDE73E300107876 /* Main.storyboard in Resources */,
				B331CB401BDE73AF00107876 /* InfoPlist.strings in Resources */,
				B331CB4B1BDE73AF00107876 /* Images.xcassets in Resources */,
			);
			runOnlyForDeploymentPostprocessing = 0;
		};
		B331CB4E1BDE73AF00107876 /* Resources */ = {
			isa = PBXResourcesBuildPhase;
			buildActionMask = 2147483647;
			files = (
				B331CB5D1BDE73B000107876 /* InfoPlist.strings in Resources */,
			);
			runOnlyForDeploymentPostprocessing = 0;
		};
/* End PBXResourcesBuildPhase section */

/* Begin PBXSourcesBuildPhase section */
		B331CB2C1BDE73AF00107876 /* Sources */ = {
			isa = PBXSourcesBuildPhase;
			buildActionMask = 2147483647;
			files = (
				B331CB491BDE73AF00107876 /* _1_44CoreDataHW.xcdatamodeld in Sources */,
				B3D2A51D1BEB54E40062E4B7 /* RSCheckController.m in Sources */,
				B359A7901BE95F1000FF9DE1 /* RSCourse.m in Sources */,
				B359A78D1BE95F0F00FF9DE1 /* RSUser.m in Sources */,
				B33B70B11BDFCDAD0096280C /* RSSharedManager.m in Sources */,
				B336B1881BE24F3E003D9D5E /* RSFetchCoreDataController.m in Sources */,
				B359A7681BE8F16200FF9DE1 /* RSCoursesController.m in Sources */,
				B3DF07E31BDE81F000AC2CCE /* RSCreateUserController.m in Sources */,
				B359A7841BE94B5400FF9DE1 /* RSCreateCourseController.m in Sources */,
				B331CB421BDE73AF00107876 /* main.m in Sources */,
				B331CB461BDE73AF00107876 /* RSAppDelegate.m in Sources */,
				B336B18C1BE25140003D9D5E /* RSUserController.m in Sources */,
			);
			runOnlyForDeploymentPostprocessing = 0;
		};
		B331CB4C1BDE73AF00107876 /* Sources */ = {
			isa = PBXSourcesBuildPhase;
			buildActionMask = 2147483647;
			files = (
				B331CB5F1BDE73B000107876 /* _1_44CoreDataHWTests.m in Sources */,
			);
			runOnlyForDeploymentPostprocessing = 0;
		};
/* End PBXSourcesBuildPhase section */

/* Begin PBXTargetDependency section */
		B331CB571BDE73B000107876 /* PBXTargetDependency */ = {
			isa = PBXTargetDependency;
			target = B331CB2F1BDE73AF00107876 /* 41_44CoreDataHW */;
			targetProxy = B331CB561BDE73B000107876 /* PBXContainerItemProxy */;
		};
/* End PBXTargetDependency section */

/* Begin PBXVariantGroup section */
		B331CB3E1BDE73AF00107876 /* InfoPlist.strings */ = {
			isa = PBXVariantGroup;
			children = (
				B331CB3F1BDE73AF00107876 /* en */,
			);
			name = InfoPlist.strings;
			sourceTree = "<group>";
		};
		B331CB5B1BDE73B000107876 /* InfoPlist.strings */ = {
			isa = PBXVariantGroup;
			children = (
				B331CB5C1BDE73B000107876 /* en */,
			);
			name = InfoPlist.strings;
			sourceTree = "<group>";
		};
/* End PBXVariantGroup section */

/* Begin XCBuildConfiguration section */
		B331CB601BDE73B000107876 /* Debug */ = {
			isa = XCBuildConfiguration;
			buildSettings = {
				ALWAYS_SEARCH_USER_PATHS = NO;
				CLANG_CXX_LANGUAGE_STANDARD = "gnu++0x";
				CLANG_CXX_LIBRARY = "libc++";
				CLANG_ENABLE_MODULES = YES;
				CLANG_ENABLE_OBJC_ARC = YES;
				CLANG_WARN_BOOL_CONVERSION = YES;
				CLANG_WARN_CONSTANT_CONVERSION = YES;
				CLANG_WARN_DIRECT_OBJC_ISA_USAGE = YES_ERROR;
				CLANG_WARN_EMPTY_BODY = YES;
				CLANG_WARN_ENUM_CONVERSION = YES;
				CLANG_WARN_INT_CONVERSION = YES;
				CLANG_WARN_OBJC_ROOT_CLASS = YES_ERROR;
				CLANG_WARN__DUPLICATE_METHOD_MATCH = YES;
				"CODE_SIGN_IDENTITY[sdk=iphoneos*]" = "iPhone Developer";
				COPY_PHASE_STRIP = NO;
				GCC_C_LANGUAGE_STANDARD = gnu99;
				GCC_DYNAMIC_NO_PIC = NO;
				GCC_OPTIMIZATION_LEVEL = 0;
				GCC_PREPROCESSOR_DEFINITIONS = (
					"DEBUG=1",
					"$(inherited)",
				);
				GCC_SYMBOLS_PRIVATE_EXTERN = NO;
				GCC_WARN_64_TO_32_BIT_CONVERSION = YES;
				GCC_WARN_ABOUT_RETURN_TYPE = YES_ERROR;
				GCC_WARN_UNDECLARED_SELECTOR = YES;
				GCC_WARN_UNINITIALIZED_AUTOS = YES_AGGRESSIVE;
				GCC_WARN_UNUSED_FUNCTION = YES;
				GCC_WARN_UNUSED_VARIABLE = YES;
				IPHONEOS_DEPLOYMENT_TARGET = 7.1;
				ONLY_ACTIVE_ARCH = YES;
				SDKROOT = iphoneos;
			};
			name = Debug;
		};
		B331CB611BDE73B000107876 /* Release */ = {
			isa = XCBuildConfiguration;
			buildSettings = {
				ALWAYS_SEARCH_USER_PATHS = NO;
				CLANG_CXX_LANGUAGE_STANDARD = "gnu++0x";
				CLANG_CXX_LIBRARY = "libc++";
				CLANG_ENABLE_MODULES = YES;
				CLANG_ENABLE_OBJC_ARC = YES;
				CLANG_WARN_BOOL_CONVERSION = YES;
				CLANG_WARN_CONSTANT_CONVERSION = YES;
				CLANG_WARN_DIRECT_OBJC_ISA_USAGE = YES_ERROR;
				CLANG_WARN_EMPTY_BODY = YES;
				CLANG_WARN_ENUM_CONVERSION = YES;
				CLANG_WARN_INT_CONVERSION = YES;
				CLANG_WARN_OBJC_ROOT_CLASS = YES_ERROR;
				CLANG_WARN__DUPLICATE_METHOD_MATCH = YES;
				"CODE_SIGN_IDENTITY[sdk=iphoneos*]" = "iPhone Developer";
				COPY_PHASE_STRIP = YES;
				ENABLE_NS_ASSERTIONS = NO;
				GCC_C_LANGUAGE_STANDARD = gnu99;
				GCC_WARN_64_TO_32_BIT_CONVERSION = YES;
				GCC_WARN_ABOUT_RETURN_TYPE = YES_ERROR;
				GCC_WARN_UNDECLARED_SELECTOR = YES;
				GCC_WARN_UNINITIALIZED_AUTOS = YES_AGGRESSIVE;
				GCC_WARN_UNUSED_FUNCTION = YES;
				GCC_WARN_UNUSED_VARIABLE = YES;
				IPHONEOS_DEPLOYMENT_TARGET = 7.1;
				SDKROOT = iphoneos;
				VALIDATE_PRODUCT = YES;
			};
			name = Release;
		};
		B331CB631BDE73B000107876 /* Debug */ = {
			isa = XCBuildConfiguration;
			buildSettings = {
				ASSETCATALOG_COMPILER_APPICON_NAME = AppIcon;
				ASSETCATALOG_COMPILER_LAUNCHIMAGE_NAME = LaunchImage;
				GCC_PRECOMPILE_PREFIX_HEADER = YES;
				GCC_PREFIX_HEADER = "41_44CoreDataHW/41_44CoreDataHW-Prefix.pch";
				INFOPLIST_FILE = "41_44CoreDataHW/41_44CoreDataHW-Info.plist";
				PRODUCT_NAME = "$(TARGET_NAME)";
				WRAPPER_EXTENSION = app;
			};
			name = Debug;
		};
		B331CB641BDE73B000107876 /* Release */ = {
			isa = XCBuildConfiguration;
			buildSettings = {
				ASSETCATALOG_COMPILER_APPICON_NAME = AppIcon;
				ASSETCATALOG_COMPILER_LAUNCHIMAGE_NAME = LaunchImage;
				GCC_PRECOMPILE_PREFIX_HEADER = YES;
				GCC_PREFIX_HEADER = "41_44CoreDataHW/41_44CoreDataHW-Prefix.pch";
				INFOPLIST_FILE = "41_44CoreDataHW/41_44CoreDataHW-Info.plist";
				PRODUCT_NAME = "$(TARGET_NAME)";
				WRAPPER_EXTENSION = app;
			};
			name = Release;
		};
		B331CB661BDE73B000107876 /* Debug */ = {
			isa = XCBuildConfiguration;
			buildSettings = {
				BUNDLE_LOADER = "$(BUILT_PRODUCTS_DIR)/41_44CoreDataHW.app/41_44CoreDataHW";
				FRAMEWORK_SEARCH_PATHS = (
					"$(SDKROOT)/Developer/Library/Frameworks",
					"$(inherited)",
					"$(DEVELOPER_FRAMEWORKS_DIR)",
				);
				GCC_PRECOMPILE_PREFIX_HEADER = YES;
				GCC_PREFIX_HEADER = "41_44CoreDataHW/41_44CoreDataHW-Prefix.pch";
				GCC_PREPROCESSOR_DEFINITIONS = (
					"DEBUG=1",
					"$(inherited)",
				);
				INFOPLIST_FILE = "41_44CoreDataHWTests/41_44CoreDataHWTests-Info.plist";
				PRODUCT_NAME = "$(TARGET_NAME)";
				TEST_HOST = "$(BUNDLE_LOADER)";
				WRAPPER_EXTENSION = xctest;
			};
			name = Debug;
		};
		B331CB671BDE73B000107876 /* Release */ = {
			isa = XCBuildConfiguration;
			buildSettings = {
				BUNDLE_LOADER = "$(BUILT_PRODUCTS_DIR)/41_44CoreDataHW.app/41_44CoreDataHW";
				FRAMEWORK_SEARCH_PATHS = (
					"$(SDKROOT)/Developer/Library/Frameworks",
					"$(inherited)",
					"$(DEVELOPER_FRAMEWORKS_DIR)",
				);
				GCC_PRECOMPILE_PREFIX_HEADER = YES;
				GCC_PREFIX_HEADER = "41_44CoreDataHW/41_44CoreDataHW-Prefix.pch";
				INFOPLIST_FILE = "41_44CoreDataHWTests/41_44CoreDataHWTests-Info.plist";
				PRODUCT_NAME = "$(TARGET_NAME)";
				TEST_HOST = "$(BUNDLE_LOADER)";
				WRAPPER_EXTENSION = xctest;
			};
			name = Release;
		};
/* End XCBuildConfiguration section */

/* Begin XCConfigurationList section */
		B331CB2B1BDE73AF00107876 /* Build configuration list for PBXProject "41_44CoreDataHW" */ = {
			isa = XCConfigurationList;
			buildConfigurations = (
				B331CB601BDE73B000107876 /* Debug */,
				B331CB611BDE73B000107876 /* Release */,
			);
			defaultConfigurationIsVisible = 0;
			defaultConfigurationName = Release;
		};
		B331CB621BDE73B000107876 /* Build configuration list for PBXNativeTarget "41_44CoreDataHW" */ = {
			isa = XCConfigurationList;
			buildConfigurations = (
				B331CB631BDE73B000107876 /* Debug */,
				B331CB641BDE73B000107876 /* Release */,
			);
			defaultConfigurationIsVisible = 0;
			defaultConfigurationName = Release;
		};
		B331CB651BDE73B000107876 /* Build configuration list for PBXNativeTarget "41_44CoreDataHWTests" */ = {
			isa = XCConfigurationList;
			buildConfigurations = (
				B331CB661BDE73B000107876 /* Debug */,
				B331CB671BDE73B000107876 /* Release */,
			);
			defaultConfigurationIsVisible = 0;
			defaultConfigurationName = Release;
		};
/* End XCConfigurationList section */

/* Begin XCVersionGroup section */
		B331CB471BDE73AF00107876 /* _1_44CoreDataHW.xcdatamodeld */ = {
			isa = XCVersionGroup;
			children = (
				B331CB481BDE73AF00107876 /* _1_44CoreDataHW.xcdatamodel */,
			);
			currentVersion = B331CB481BDE73AF00107876 /* _1_44CoreDataHW.xcdatamodel */;
			path = _1_44CoreDataHW.xcdatamodeld;
			sourceTree = "<group>";
			versionGroupType = wrapper.xcdatamodel;
		};
/* End XCVersionGroup section */
	};
	rootObject = B331CB281BDE73AF00107876 /* Project object */;
}
